// !$*UTF8*$!
{
	archiveVersion = 1;
	classes = {
	};
	objectVersion = 55;
	objects = {

/* Begin PBXBuildFile section */
		08986D3B2880630C00D9FBDA /* AppDelegate.swift in Sources */ = {isa = PBXBuildFile; fileRef = 08986D3A2880630C00D9FBDA /* AppDelegate.swift */; };
		08986D3D2880630C00D9FBDA /* SceneDelegate.swift in Sources */ = {isa = PBXBuildFile; fileRef = 08986D3C2880630C00D9FBDA /* SceneDelegate.swift */; };
		08986D422880630C00D9FBDA /* Main.storyboard in Resources */ = {isa = PBXBuildFile; fileRef = 08986D402880630C00D9FBDA /* Main.storyboard */; };
		08986D442880630E00D9FBDA /* Assets.xcassets in Resources */ = {isa = PBXBuildFile; fileRef = 08986D432880630E00D9FBDA /* Assets.xcassets */; };
		08986D472880630E00D9FBDA /* LaunchScreen.storyboard in Resources */ = {isa = PBXBuildFile; fileRef = 08986D452880630E00D9FBDA /* LaunchScreen.storyboard */; };
		08986D512880643800D9FBDA /* WelcomeViewController.swift in Sources */ = {isa = PBXBuildFile; fileRef = 08986D502880643800D9FBDA /* WelcomeViewController.swift */; };
		08986D532880646400D9FBDA /* RegisterViewController.swift in Sources */ = {isa = PBXBuildFile; fileRef = 08986D522880646400D9FBDA /* RegisterViewController.swift */; };
		08986D552880648C00D9FBDA /* LoginViewController.swift in Sources */ = {isa = PBXBuildFile; fileRef = 08986D542880648C00D9FBDA /* LoginViewController.swift */; };
		08986D57288064A600D9FBDA /* ChatViewController.swift in Sources */ = {isa = PBXBuildFile; fileRef = 08986D56288064A600D9FBDA /* ChatViewController.swift */; };
		08DD20D4288285E30036FA84 /* FirebaseAppCheck in Frameworks */ = {isa = PBXBuildFile; productRef = 08DD20D3288285E30036FA84 /* FirebaseAppCheck */; };
		08DD20D6288285E30036FA84 /* FirebaseAuth in Frameworks */ = {isa = PBXBuildFile; productRef = 08DD20D5288285E30036FA84 /* FirebaseAuth */; };
		08DD20D8288285E30036FA84 /* FirebaseAuthCombine-Community in Frameworks */ = {isa = PBXBuildFile; productRef = 08DD20D7288285E30036FA84 /* FirebaseAuthCombine-Community */; };
		08DD20DA288285E30036FA84 /* FirebaseFirestore in Frameworks */ = {isa = PBXBuildFile; productRef = 08DD20D9288285E30036FA84 /* FirebaseFirestore */; };
		08DD20DC288285E30036FA84 /* FirebaseFirestoreSwift in Frameworks */ = {isa = PBXBuildFile; productRef = 08DD20DB288285E30036FA84 /* FirebaseFirestoreSwift */; };
		08DD20DE288285E30036FA84 /* FirebaseFunctions in Frameworks */ = {isa = PBXBuildFile; productRef = 08DD20DD288285E30036FA84 /* FirebaseFunctions */; };
		08DD20E02882B2510036FA84 /* GoogleService-Info.plist in Resources */ = {isa = PBXBuildFile; fileRef = 08DD20DF2882B2510036FA84 /* GoogleService-Info.plist */; };
		08DD20E22882DB5B0036FA84 /* Constants.swift in Sources */ = {isa = PBXBuildFile; fileRef = 08DD20E12882DB5B0036FA84 /* Constants.swift */; };
		08DD20E42882DEA20036FA84 /* Message.swift in Sources */ = {isa = PBXBuildFile; fileRef = 08DD20E32882DEA20036FA84 /* Message.swift */; };
		08DD20E8288554DF0036FA84 /* MessageCell.swift in Sources */ = {isa = PBXBuildFile; fileRef = 08DD20E6288554DF0036FA84 /* MessageCell.swift */; };
		08DD20E9288554DF0036FA84 /* MessageCell.xib in Resources */ = {isa = PBXBuildFile; fileRef = 08DD20E7288554DF0036FA84 /* MessageCell.xib */; };
/* End PBXBuildFile section */

/* Begin PBXFileReference section */
		08986D372880630C00D9FBDA /* Orange Chat.app */ = {isa = PBXFileReference; explicitFileType = wrapper.application; includeInIndex = 0; path = "Orange Chat.app"; sourceTree = BUILT_PRODUCTS_DIR; };
		08986D3A2880630C00D9FBDA /* AppDelegate.swift */ = {isa = PBXFileReference; lastKnownFileType = sourcecode.swift; path = AppDelegate.swift; sourceTree = "<group>"; };
		08986D3C2880630C00D9FBDA /* SceneDelegate.swift */ = {isa = PBXFileReference; lastKnownFileType = sourcecode.swift; path = SceneDelegate.swift; sourceTree = "<group>"; };
		08986D412880630C00D9FBDA /* Base */ = {isa = PBXFileReference; lastKnownFileType = file.storyboard; name = Base; path = Base.lproj/Main.storyboard; sourceTree = "<group>"; };
		08986D432880630E00D9FBDA /* Assets.xcassets */ = {isa = PBXFileReference; lastKnownFileType = folder.assetcatalog; path = Assets.xcassets; sourceTree = "<group>"; };
		08986D462880630E00D9FBDA /* Base */ = {isa = PBXFileReference; lastKnownFileType = file.storyboard; name = Base; path = Base.lproj/LaunchScreen.storyboard; sourceTree = "<group>"; };
		08986D482880630E00D9FBDA /* Info.plist */ = {isa = PBXFileReference; lastKnownFileType = text.plist.xml; path = Info.plist; sourceTree = "<group>"; };
		08986D502880643800D9FBDA /* WelcomeViewController.swift */ = {isa = PBXFileReference; lastKnownFileType = sourcecode.swift; path = WelcomeViewController.swift; sourceTree = "<group>"; };
		08986D522880646400D9FBDA /* RegisterViewController.swift */ = {isa = PBXFileReference; lastKnownFileType = sourcecode.swift; path = RegisterViewController.swift; sourceTree = "<group>"; };
		08986D542880648C00D9FBDA /* LoginViewController.swift */ = {isa = PBXFileReference; lastKnownFileType = sourcecode.swift; path = LoginViewController.swift; sourceTree = "<group>"; };
		08986D56288064A600D9FBDA /* ChatViewController.swift */ = {isa = PBXFileReference; lastKnownFileType = sourcecode.swift; path = ChatViewController.swift; sourceTree = "<group>"; };
		08DD20DF2882B2510036FA84 /* GoogleService-Info.plist */ = {isa = PBXFileReference; fileEncoding = 4; lastKnownFileType = text.plist.xml; name = "GoogleService-Info.plist"; path = "../../../../../Users/Beavean/Downloads/GoogleService-Info.plist"; sourceTree = "<group>"; };
		08DD20E12882DB5B0036FA84 /* Constants.swift */ = {isa = PBXFileReference; lastKnownFileType = sourcecode.swift; path = Constants.swift; sourceTree = "<group>"; };
		08DD20E32882DEA20036FA84 /* Message.swift */ = {isa = PBXFileReference; lastKnownFileType = sourcecode.swift; path = Message.swift; sourceTree = "<group>"; };
		08DD20E6288554DF0036FA84 /* MessageCell.swift */ = {isa = PBXFileReference; lastKnownFileType = sourcecode.swift; path = MessageCell.swift; sourceTree = "<group>"; };
		08DD20E7288554DF0036FA84 /* MessageCell.xib */ = {isa = PBXFileReference; lastKnownFileType = file.xib; path = MessageCell.xib; sourceTree = "<group>"; };
/* End PBXFileReference section */

/* Begin PBXFrameworksBuildPhase section */
		08986D342880630C00D9FBDA /* Frameworks */ = {
			isa = PBXFrameworksBuildPhase;
			buildActionMask = 2147483647;
			files = (
				08DD20DC288285E30036FA84 /* FirebaseFirestoreSwift in Frameworks */,
				08DD20D4288285E30036FA84 /* FirebaseAppCheck in Frameworks */,
				08DD20DA288285E30036FA84 /* FirebaseFirestore in Frameworks */,
				08DD20DE288285E30036FA84 /* FirebaseFunctions in Frameworks */,
				08DD20D8288285E30036FA84 /* FirebaseAuthCombine-Community in Frameworks */,
				08DD20D6288285E30036FA84 /* FirebaseAuth in Frameworks */,
			);
			runOnlyForDeploymentPostprocessing = 0;
		};
/* End PBXFrameworksBuildPhase section */

/* Begin PBXGroup section */
		08986D2E2880630C00D9FBDA = {
			isa = PBXGroup;
			children = (
				08986D392880630C00D9FBDA /* Orange Chat */,
				08986D382880630C00D9FBDA /* Products */,
			);
			sourceTree = "<group>";
		};
		08986D382880630C00D9FBDA /* Products */ = {
			isa = PBXGroup;
			children = (
				08986D372880630C00D9FBDA /* Orange Chat.app */,
			);
			name = Products;
			sourceTree = "<group>";
		};
		08986D392880630C00D9FBDA /* Orange Chat */ = {
			isa = PBXGroup;
			children = (
				08986D3A2880630C00D9FBDA /* AppDelegate.swift */,
				08986D3C2880630C00D9FBDA /* SceneDelegate.swift */,
				08DD20E12882DB5B0036FA84 /* Constants.swift */,
				08DD20E52882DEAD0036FA84 /* Models */,
				08986D4E2880639800D9FBDA /* Views */,
				08986D4F288063CB00D9FBDA /* Controllers */,
				08986D432880630E00D9FBDA /* Assets.xcassets */,
				08DD20DF2882B2510036FA84 /* GoogleService-Info.plist */,
				08986D452880630E00D9FBDA /* LaunchScreen.storyboard */,
				08986D482880630E00D9FBDA /* Info.plist */,
			);
			path = "Orange Chat";
			sourceTree = "<group>";
		};
		08986D4E2880639800D9FBDA /* Views */ = {
			isa = PBXGroup;
			children = (
				08986D402880630C00D9FBDA /* Main.storyboard */,
				08DD20E6288554DF0036FA84 /* MessageCell.swift */,
				08DD20E7288554DF0036FA84 /* MessageCell.xib */,
			);
			path = Views;
			sourceTree = "<group>";
		};
		08986D4F288063CB00D9FBDA /* Controllers */ = {
			isa = PBXGroup;
			children = (
				08986D502880643800D9FBDA /* WelcomeViewController.swift */,
				08986D522880646400D9FBDA /* RegisterViewController.swift */,
				08986D542880648C00D9FBDA /* LoginViewController.swift */,
				08986D56288064A600D9FBDA /* ChatViewController.swift */,
			);
			path = Controllers;
			sourceTree = "<group>";
		};
		08DD20E52882DEAD0036FA84 /* Models */ = {
			isa = PBXGroup;
			children = (
				08DD20E32882DEA20036FA84 /* Message.swift */,
			);
			path = Models;
			sourceTree = "<group>";
		};
/* End PBXGroup section */

/* Begin PBXNativeTarget section */
		08986D362880630C00D9FBDA /* Orange Chat */ = {
			isa = PBXNativeTarget;
			buildConfigurationList = 08986D4B2880630E00D9FBDA /* Build configuration list for PBXNativeTarget "Orange Chat" */;
			buildPhases = (
				08986D332880630C00D9FBDA /* Sources */,
				08986D342880630C00D9FBDA /* Frameworks */,
				08986D352880630C00D9FBDA /* Resources */,
			);
			buildRules = (
			);
			dependencies = (
			);
			name = "Orange Chat";
			packageProductDependencies = (
				08DD20D3288285E30036FA84 /* FirebaseAppCheck */,
				08DD20D5288285E30036FA84 /* FirebaseAuth */,
				08DD20D7288285E30036FA84 /* FirebaseAuthCombine-Community */,
				08DD20D9288285E30036FA84 /* FirebaseFirestore */,
				08DD20DB288285E30036FA84 /* FirebaseFirestoreSwift */,
				08DD20DD288285E30036FA84 /* FirebaseFunctions */,
			);
			productName = "Orange Chat";
			productReference = 08986D372880630C00D9FBDA /* Orange Chat.app */;
			productType = "com.apple.product-type.application";
		};
/* End PBXNativeTarget section */

/* Begin PBXProject section */
		08986D2F2880630C00D9FBDA /* Project object */ = {
			isa = PBXProject;
			attributes = {
				BuildIndependentTargetsInParallel = 1;
				LastSwiftUpdateCheck = 1340;
				LastUpgradeCheck = 1340;
				TargetAttributes = {
					08986D362880630C00D9FBDA = {
						CreatedOnToolsVersion = 13.4.1;
					};
				};
			};
			buildConfigurationList = 08986D322880630C00D9FBDA /* Build configuration list for PBXProject "Orange Chat" */;
			compatibilityVersion = "Xcode 13.0";
			developmentRegion = en;
			hasScannedForEncodings = 0;
			knownRegions = (
				en,
				Base,
			);
			mainGroup = 08986D2E2880630C00D9FBDA;
			packageReferences = (
				08DD20D2288285E30036FA84 /* XCRemoteSwiftPackageReference "firebase-ios-sdk" */,
			);
			productRefGroup = 08986D382880630C00D9FBDA /* Products */;
			projectDirPath = "";
			projectRoot = "";
			targets = (
				08986D362880630C00D9FBDA /* Orange Chat */,
			);
		};
/* End PBXProject section */

/* Begin PBXResourcesBuildPhase section */
		08986D352880630C00D9FBDA /* Resources */ = {
			isa = PBXResourcesBuildPhase;
			buildActionMask = 2147483647;
			files = (
				08986D472880630E00D9FBDA /* LaunchScreen.storyboard in Resources */,
				08DD20E9288554DF0036FA84 /* MessageCell.xib in Resources */,
				08DD20E02882B2510036FA84 /* GoogleService-Info.plist in Resources */,
				08986D442880630E00D9FBDA /* Assets.xcassets in Resources */,
				08986D422880630C00D9FBDA /* Main.storyboard in Resources */,
			);
			runOnlyForDeploymentPostprocessing = 0;
		};
/* End PBXResourcesBuildPhase section */

/* Begin PBXSourcesBuildPhase section */
		08986D332880630C00D9FBDA /* Sources */ = {
			isa = PBXSourcesBuildPhase;
			buildActionMask = 2147483647;
			files = (
				08986D512880643800D9FBDA /* WelcomeViewController.swift in Sources */,
				08986D3B2880630C00D9FBDA /* AppDelegate.swift in Sources */,
				08986D3D2880630C00D9FBDA /* SceneDelegate.swift in Sources */,
				08986D552880648C00D9FBDA /* LoginViewController.swift in Sources */,
				08DD20E8288554DF0036FA84 /* MessageCell.swift in Sources */,
				08DD20E22882DB5B0036FA84 /* Constants.swift in Sources */,
				08DD20E42882DEA20036FA84 /* Message.swift in Sources */,
				08986D57288064A600D9FBDA /* ChatViewController.swift in Sources */,
				08986D532880646400D9FBDA /* RegisterViewController.swift in Sources */,
			);
			runOnlyForDeploymentPostprocessing = 0;
		};
/* End PBXSourcesBuildPhase section */

/* Begin PBXVariantGroup section */
		08986D402880630C00D9FBDA /* Main.storyboard */ = {
			isa = PBXVariantGroup;
			children = (
				08986D412880630C00D9FBDA /* Base */,
			);
			name = Main.storyboard;
			sourceTree = "<group>";
		};
		08986D452880630E00D9FBDA /* LaunchScreen.storyboard */ = {
			isa = PBXVariantGroup;
			children = (
				08986D462880630E00D9FBDA /* Base */,
			);
			name = LaunchScreen.storyboard;
			sourceTree = "<group>";
		};
/* End PBXVariantGroup section */

/* Begin XCBuildConfiguration section */
		08986D492880630E00D9FBDA /* Debug */ = {
			isa = XCBuildConfiguration;
			buildSettings = {
				ALWAYS_SEARCH_USER_PATHS = NO;
				CLANG_ANALYZER_NONNULL = YES;
				CLANG_ANALYZER_NUMBER_OBJECT_CONVERSION = YES_AGGRESSIVE;
				CLANG_CXX_LANGUAGE_STANDARD = "gnu++17";
				CLANG_ENABLE_MODULES = YES;
				CLANG_ENABLE_OBJC_ARC = YES;
				CLANG_ENABLE_OBJC_WEAK = YES;
				CLANG_WARN_BLOCK_CAPTURE_AUTORELEASING = YES;
				CLANG_WARN_BOOL_CONVERSION = YES;
				CLANG_WARN_COMMA = YES;
				CLANG_WARN_CONSTANT_CONVERSION = YES;
				CLANG_WARN_DEPRECATED_OBJC_IMPLEMENTATIONS = YES;
				CLANG_WARN_DIRECT_OBJC_ISA_USAGE = YES_ERROR;
				CLANG_WARN_DOCUMENTATION_COMMENTS = YES;
				CLANG_WARN_EMPTY_BODY = YES;
				CLANG_WARN_ENUM_CONVERSION = YES;
				CLANG_WARN_INFINITE_RECURSION = YES;
				CLANG_WARN_INT_CONVERSION = YES;
				CLANG_WARN_NON_LITERAL_NULL_CONVERSION = YES;
				CLANG_WARN_OBJC_IMPLICIT_RETAIN_SELF = YES;
				CLANG_WARN_OBJC_LITERAL_CONVERSION = YES;
				CLANG_WARN_OBJC_ROOT_CLASS = YES_ERROR;
				CLANG_WARN_QUOTED_INCLUDE_IN_FRAMEWORK_HEADER = YES;
				CLANG_WARN_RANGE_LOOP_ANALYSIS = YES;
				CLANG_WARN_STRICT_PROTOTYPES = YES;
				CLANG_WARN_SUSPICIOUS_MOVE = YES;
				CLANG_WARN_UNGUARDED_AVAILABILITY = YES_AGGRESSIVE;
				CLANG_WARN_UNREACHABLE_CODE = YES;
				CLANG_WARN__DUPLICATE_METHOD_MATCH = YES;
				COPY_PHASE_STRIP = NO;
				DEBUG_INFORMATION_FORMAT = dwarf;
				ENABLE_STRICT_OBJC_MSGSEND = YES;
				ENABLE_TESTABILITY = YES;
				GCC_C_LANGUAGE_STANDARD = gnu11;
				GCC_DYNAMIC_NO_PIC = NO;
				GCC_NO_COMMON_BLOCKS = YES;
				GCC_OPTIMIZATION_LEVEL = 0;
				GCC_PREPROCESSOR_DEFINITIONS = (
					"DEBUG=1",
					"$(inherited)",
				);
				GCC_WARN_64_TO_32_BIT_CONVERSION = YES;
				GCC_WARN_ABOUT_RETURN_TYPE = YES_ERROR;
				GCC_WARN_UNDECLARED_SELECTOR = YES;
				GCC_WARN_UNINITIALIZED_AUTOS = YES_AGGRESSIVE;
				GCC_WARN_UNUSED_FUNCTION = YES;
				GCC_WARN_UNUSED_VARIABLE = YES;
				IPHONEOS_DEPLOYMENT_TARGET = 15.5;
				MTL_ENABLE_DEBUG_INFO = INCLUDE_SOURCE;
				MTL_FAST_MATH = YES;
				ONLY_ACTIVE_ARCH = YES;
				SDKROOT = iphoneos;
				SWIFT_ACTIVE_COMPILATION_CONDITIONS = DEBUG;
				SWIFT_OPTIMIZATION_LEVEL = "-Onone";
			};
			name = Debug;
		};
		08986D4A2880630E00D9FBDA /* Release */ = {
			isa = XCBuildConfiguration;
			buildSettings = {
				ALWAYS_SEARCH_USER_PATHS = NO;
				CLANG_ANALYZER_NONNULL = YES;
				CLANG_ANALYZER_NUMBER_OBJECT_CONVERSION = YES_AGGRESSIVE;
				CLANG_CXX_LANGUAGE_STANDARD = "gnu++17";
				CLANG_ENABLE_MODULES = YES;
				CLANG_ENABLE_OBJC_ARC = YES;
				CLANG_ENABLE_OBJC_WEAK = YES;
				CLANG_WARN_BLOCK_CAPTURE_AUTORELEASING = YES;
				CLANG_WARN_BOOL_CONVERSION = YES;
				CLANG_WARN_COMMA = YES;
				CLANG_WARN_CONSTANT_CONVERSION = YES;
				CLANG_WARN_DEPRECATED_OBJC_IMPLEMENTATIONS = YES;
				CLANG_WARN_DIRECT_OBJC_ISA_USAGE = YES_ERROR;
				CLANG_WARN_DOCUMENTATION_COMMENTS = YES;
				CLANG_WARN_EMPTY_BODY = YES;
				CLANG_WARN_ENUM_CONVERSION = YES;
				CLANG_WARN_INFINITE_RECURSION = YES;
				CLANG_WARN_INT_CONVERSION = YES;
				CLANG_WARN_NON_LITERAL_NULL_CONVERSION = YES;
				CLANG_WARN_OBJC_IMPLICIT_RETAIN_SELF = YES;
				CLANG_WARN_OBJC_LITERAL_CONVERSION = YES;
				CLANG_WARN_OBJC_ROOT_CLASS = YES_ERROR;
				CLANG_WARN_QUOTED_INCLUDE_IN_FRAMEWORK_HEADER = YES;
				CLANG_WARN_RANGE_LOOP_ANALYSIS = YES;
				CLANG_WARN_STRICT_PROTOTYPES = YES;
				CLANG_WARN_SUSPICIOUS_MOVE = YES;
				CLANG_WARN_UNGUARDED_AVAILABILITY = YES_AGGRESSIVE;
				CLANG_WARN_UNREACHABLE_CODE = YES;
				CLANG_WARN__DUPLICATE_METHOD_MATCH = YES;
				COPY_PHASE_STRIP = NO;
				DEBUG_INFORMATION_FORMAT = "dwarf-with-dsym";
				ENABLE_NS_ASSERTIONS = NO;
				ENABLE_STRICT_OBJC_MSGSEND = YES;
				GCC_C_LANGUAGE_STANDARD = gnu11;
				GCC_NO_COMMON_BLOCKS = YES;
				GCC_WARN_64_TO_32_BIT_CONVERSION = YES;
				GCC_WARN_ABOUT_RETURN_TYPE = YES_ERROR;
				GCC_WARN_UNDECLARED_SELECTOR = YES;
				GCC_WARN_UNINITIALIZED_AUTOS = YES_AGGRESSIVE;
				GCC_WARN_UNUSED_FUNCTION = YES;
				GCC_WARN_UNUSED_VARIABLE = YES;
				IPHONEOS_DEPLOYMENT_TARGET = 15.5;
				MTL_ENABLE_DEBUG_INFO = NO;
				MTL_FAST_MATH = YES;
				SDKROOT = iphoneos;
				SWIFT_COMPILATION_MODE = wholemodule;
				SWIFT_OPTIMIZATION_LEVEL = "-O";
				VALIDATE_PRODUCT = YES;
			};
			name = Release;
		};
		08986D4C2880630E00D9FBDA /* Debug */ = {
			isa = XCBuildConfiguration;
			buildSettings = {
				ASSETCATALOG_COMPILER_APPICON_NAME = AppIcon;
				ASSETCATALOG_COMPILER_GLOBAL_ACCENT_COLOR_NAME = AccentColor;
				CODE_SIGN_STYLE = Automatic;
				CURRENT_PROJECT_VERSION = 1;
				DEVELOPMENT_TEAM = 9PF2GLF6PD;
				GENERATE_INFOPLIST_FILE = YES;
				INFOPLIST_FILE = "Orange Chat/Info.plist";
				INFOPLIST_KEY_UIApplicationSupportsIndirectInputEvents = YES;
				INFOPLIST_KEY_UILaunchStoryboardName = LaunchScreen;
				INFOPLIST_KEY_UIMainStoryboardFile = Main;
				INFOPLIST_KEY_UISupportedInterfaceOrientations_iPad = "UIInterfaceOrientationPortrait UIInterfaceOrientationPortraitUpsideDown UIInterfaceOrientationLandscapeLeft UIInterfaceOrientationLandscapeRight";
				INFOPLIST_KEY_UISupportedInterfaceOrientations_iPhone = "UIInterfaceOrientationPortrait UIInterfaceOrientationLandscapeLeft UIInterfaceOrientationLandscapeRight";
				LD_RUNPATH_SEARCH_PATHS = (
					"$(inherited)",
					"@executable_path/Frameworks",
				);
				MARKETING_VERSION = 1.0;
				PRODUCT_BUNDLE_IDENTIFIER = "com.Beavean.Anthony.Orange-Chat";
				PRODUCT_NAME = "$(TARGET_NAME)";
				SWIFT_EMIT_LOC_STRINGS = YES;
				SWIFT_VERSION = 5.0;
				TARGETED_DEVICE_FAMILY = "1,2";
			};
			name = Debug;
		};
		08986D4D2880630E00D9FBDA /* Release */ = {
			isa = XCBuildConfiguration;
			buildSettings = {
				ASSETCATALOG_COMPILER_APPICON_NAME = AppIcon;
				ASSETCATALOG_COMPILER_GLOBAL_ACCENT_COLOR_NAME = AccentColor;
				CODE_SIGN_STYLE = Automatic;
				CURRENT_PROJECT_VERSION = 1;
				DEVELOPMENT_TEAM = 9PF2GLF6PD;
				GENERATE_INFOPLIST_FILE = YES;
				INFOPLIST_FILE = "Orange Chat/Info.plist";
				INFOPLIST_KEY_UIApplicationSupportsIndirectInputEvents = YES;
				INFOPLIST_KEY_UILaunchStoryboardName = LaunchScreen;
				INFOPLIST_KEY_UIMainStoryboardFile = Main;
				INFOPLIST_KEY_UISupportedInterfaceOrientations_iPad = "UIInterfaceOrientationPortrait UIInterfaceOrientationPortraitUpsideDown UIInterfaceOrientationLandscapeLeft UIInterfaceOrientationLandscapeRight";
				INFOPLIST_KEY_UISupportedInterfaceOrientations_iPhone = "UIInterfaceOrientationPortrait UIInterfaceOrientationLandscapeLeft UIInterfaceOrientationLandscapeRight";
				LD_RUNPATH_SEARCH_PATHS = (
					"$(inherited)",
					"@executable_path/Frameworks",
				);
				MARKETING_VERSION = 1.0;
				PRODUCT_BUNDLE_IDENTIFIER = "com.Beavean.Anthony.Orange-Chat";
				PRODUCT_NAME = "$(TARGET_NAME)";
				SWIFT_EMIT_LOC_STRINGS = YES;
				SWIFT_VERSION = 5.0;
				TARGETED_DEVICE_FAMILY = "1,2";
			};
			name = Release;
		};
/* End XCBuildConfiguration section */

/* Begin XCConfigurationList section */
		08986D322880630C00D9FBDA /* Build configuration list for PBXProject "Orange Chat" */ = {
			isa = XCConfigurationList;
			buildConfigurations = (
				08986D492880630E00D9FBDA /* Debug */,
				08986D4A2880630E00D9FBDA /* Release */,
			);
			defaultConfigurationIsVisible = 0;
			defaultConfigurationName = Release;
		};
		08986D4B2880630E00D9FBDA /* Build configuration list for PBXNativeTarget "Orange Chat" */ = {
			isa = XCConfigurationList;
			buildConfigurations = (
				08986D4C2880630E00D9FBDA /* Debug */,
				08986D4D2880630E00D9FBDA /* Release */,
			);
			defaultConfigurationIsVisible = 0;
			defaultConfigurationName = Release;
		};
/* End XCConfigurationList section */

/* Begin XCRemoteSwiftPackageReference section */
		08DD20D2288285E30036FA84 /* XCRemoteSwiftPackageReference "firebase-ios-sdk" */ = {
			isa = XCRemoteSwiftPackageReference;
			repositoryURL = "https://github.com/firebase/firebase-ios-sdk";
			requirement = {
				branch = master;
				kind = branch;
			};
		};
/* End XCRemoteSwiftPackageReference section */

/* Begin XCSwiftPackageProductDependency section */
		08DD20D3288285E30036FA84 /* FirebaseAppCheck */ = {
			isa = XCSwiftPackageProductDependency;
			package = 08DD20D2288285E30036FA84 /* XCRemoteSwiftPackageReference "firebase-ios-sdk" */;
			productName = FirebaseAppCheck;
		};
		08DD20D5288285E30036FA84 /* FirebaseAuth */ = {
			isa = XCSwiftPackageProductDependency;
			package = 08DD20D2288285E30036FA84 /* XCRemoteSwiftPackageReference "firebase-ios-sdk" */;
			productName = FirebaseAuth;
		};
		08DD20D7288285E30036FA84 /* FirebaseAuthCombine-Community */ = {
			isa = XCSwiftPackageProductDependency;
			package = 08DD20D2288285E30036FA84 /* XCRemoteSwiftPackageReference "firebase-ios-sdk" */;
			productName = "FirebaseAuthCombine-Community";
		};
		08DD20D9288285E30036FA84 /* FirebaseFirestore */ = {
			isa = XCSwiftPackageProductDependency;
			package = 08DD20D2288285E30036FA84 /* XCRemoteSwiftPackageReference "firebase-ios-sdk" */;
			productName = FirebaseFirestore;
		};
		08DD20DB288285E30036FA84 /* FirebaseFirestoreSwift */ = {
			isa = XCSwiftPackageProductDependency;
			package = 08DD20D2288285E30036FA84 /* XCRemoteSwiftPackageReference "firebase-ios-sdk" */;
			productName = FirebaseFirestoreSwift;
		};
		08DD20DD288285E30036FA84 /* FirebaseFunctions */ = {
			isa = XCSwiftPackageProductDependency;
			package = 08DD20D2288285E30036FA84 /* XCRemoteSwiftPackageReference "firebase-ios-sdk" */;
			productName = FirebaseFunctions;
		};
/* End XCSwiftPackageProductDependency section */
	};
	rootObject = 08986D2F2880630C00D9FBDA /* Project object */;
}
